
Microsoft Visual Studio Solution File, Format Version 12.00
# Visual Studio Version 17
VisualStudioVersion = 17.6.33829.357
MinimumVisualStudioVersion = 10.0.40219.1
Project("{9A19103F-16F7-4668-BE54-9A1E7A4F7556}") = "InsuranceCompany", "InsuranceCompany.csproj", "{D3C9A54B-64EE-4268-95C9-516748B8C5FB}"
EndProject
Project("{9A19103F-16F7-4668-BE54-9A1E7A4F7556}") = "ClaimManagement.DAL", "..\ClaimManagement.DAL\ClaimManagement.DAL.csproj", "{84C44FEA-66C8-4271-AFA6-2BC7F07832E9}"
EndProject
Project("{9A19103F-16F7-4668-BE54-9A1E7A4F7556}") = "ClaimManagement.BLL", "..\ClaimManagement.BLL\ClaimManagement.BLL.csproj", "{6ED867C6-1CFB-4801-8860-7E8FE82A612C}"
EndProject
Global
	GlobalSection(SolutionConfigurationPlatforms) = preSolution
		Debug|Any CPU = Debug|Any CPU
		Release|Any CPU = Release|Any CPU
	EndGlobalSection
	GlobalSection(ProjectConfigurationPlatforms) = postSolution
		{D3C9A54B-64EE-4268-95C9-516748B8C5FB}.Debug|Any CPU.ActiveCfg = Debug|Any CPU
		{D3C9A54B-64EE-4268-95C9-516748B8C5FB}.Debug|Any CPU.Build.0 = Debug|Any CPU
		{D3C9A54B-64EE-4268-95C9-516748B8C5FB}.Release|Any CPU.ActiveCfg = Release|Any CPU
		{D3C9A54B-64EE-4268-95C9-516748B8C5FB}.Release|Any CPU.Build.0 = Release|Any CPU
		{84C44FEA-66C8-4271-AFA6-2BC7F07832E9}.Debug|Any CPU.ActiveCfg = Debug|Any CPU
		{84C44FEA-66C8-4271-AFA6-2BC7F07832E9}.Debug|Any CPU.Build.0 = Debug|Any CPU
		{84C44FEA-66C8-4271-AFA6-2BC7F07832E9}.Release|Any CPU.ActiveCfg = Release|Any CPU
		{84C44FEA-66C8-4271-AFA6-2BC7F07832E9}.Release|Any CPU.Build.0 = Release|Any CPU
		{6ED867C6-1CFB-4801-8860-7E8FE82A612C}.Debug|Any CPU.ActiveCfg = Debug|Any CPU
		{6ED867C6-1CFB-4801-8860-7E8FE82A612C}.Debug|Any CPU.Build.0 = Debug|Any CPU
		{6ED867C6-1CFB-4801-8860-7E8FE82A612C}.Release|Any CPU.ActiveCfg = Release|Any CPU
		{6ED867C6-1CFB-4801-8860-7E8FE82A612C}.Release|Any CPU.Build.0 = Release|Any CPU
	EndGlobalSection
	GlobalSection(SolutionProperties) = preSolution
		HideSolutionNode = FALSE
	EndGlobalSection
	GlobalSection(ExtensibilityGlobals) = postSolution
		SolutionGuid = {7C7612D9-D2EE-4439-A17F-3BB8B5CC655C}
	EndGlobalSection
EndGlobal
